
Microsoft Visual Studio Solution File, Format Version 12.00
# Visual Studio Version 17
VisualStudioVersion = 17.4.33103.184
MinimumVisualStudioVersion = 10.0.40219.1
Project("{2150E333-8FDC-42A3-9474-1A3956D46DE8}") = "src", "src", "{D593860C-FEE0-4622-B3E6-A3D796A42841}"
EndProject
Project("{2150E333-8FDC-42A3-9474-1A3956D46DE8}") = "Services", "Services", "{7238B9F5-9156-4802-9C68-82EC1E642689}"
EndProject
Project("{2150E333-8FDC-42A3-9474-1A3956D46DE8}") = "Infrastructure", "Infrastructure", "{BB83049B-6D13-4F9C-92C8-A70A6D45FD6D}"
EndProject
Project("{9A19103F-16F7-4668-BE54-9A1E7A4F7556}") = "Logging", "Logging\Logging.csproj", "{63B56CC8-3C7A-48D0-B340-40902231D37F}"
EndProject
Project("{9A19103F-16F7-4668-BE54-9A1E7A4F7556}") = "Common", "MessageBroker\Common.csproj", "{5D2304A7-A4DE-4D01-9869-02773F2B52F6}"
EndProject
Project("{9A19103F-16F7-4668-BE54-9A1E7A4F7556}") = "Events", "Events\Events.csproj", "{C4378B31-E9F2-44AF-8E50-9245A91F76DA}"
EndProject
Project("{9A19103F-16F7-4668-BE54-9A1E7A4F7556}") = "Swagger", "Swagger\Swagger.csproj", "{AE1CA065-D34E-453B-8D26-B8C4B62F8EA2}"
EndProject
Project("{9A19103F-16F7-4668-BE54-9A1E7A4F7556}") = "Filters", "Filters\Filters.csproj", "{9F77856C-3FC7-49A4-B608-620E929C4002}"
EndProject
Project("{2150E333-8FDC-42A3-9474-1A3956D46DE8}") = "Appointment", "Appointment", "{D3666DBF-574D-4BE7-8AC1-74FF313BDC28}"
EndProject
Project("{9A19103F-16F7-4668-BE54-9A1E7A4F7556}") = "Appointment.Application", "Application\Appointment.Application.csproj", "{886AE964-7218-422F-BF4E-144C8DA5BFC4}"
EndProject
Project("{9A19103F-16F7-4668-BE54-9A1E7A4F7556}") = "Appointment.Domain", "Appointment.Domain\Appointment.Domain.csproj", "{D1A3F92D-A89E-471B-B988-87FD28A61C1B}"
EndProject
Project("{9A19103F-16F7-4668-BE54-9A1E7A4F7556}") = "Appointment.Infrastructure", "Appointment.Infrastructure\Appointment.Infrastructure.csproj", "{3DE90A52-6D99-4683-ACA7-F8C8F9469ED4}"
EndProject
Project("{9A19103F-16F7-4668-BE54-9A1E7A4F7556}") = "Database", "Database\Database.csproj", "{5AC538F9-AA51-4857-912F-3F33378CE329}"
EndProject
Project("{9A19103F-16F7-4668-BE54-9A1E7A4F7556}") = "Appointment.Core", "Appointment.Core\Appointment.Core.csproj", "{ECAB6804-710B-4800-974C-E459BD5A98F8}"
EndProject
Project("{9A19103F-16F7-4668-BE54-9A1E7A4F7556}") = "Appointment.Api", "Appointment.Api\Appointment.Api.csproj", "{0DF2F7D0-A838-4892-BCD5-048B1D4C8138}"
EndProject
Project("{2150E333-8FDC-42A3-9474-1A3956D46DE8}") = "User", "User", "{45C99BBD-A60D-4F18-82DF-9586B8F3DA29}"
EndProject
Project("{9A19103F-16F7-4668-BE54-9A1E7A4F7556}") = "User.Application", "User.Application\User.Application.csproj", "{230CB7ED-A60A-49E0-B29B-94927F7A84EF}"
EndProject
Project("{9A19103F-16F7-4668-BE54-9A1E7A4F7556}") = "User.Core", "User.Core\User.Core.csproj", "{E3159DDD-1316-4C87-967D-313C2AAA9E54}"
EndProject
Project("{9A19103F-16F7-4668-BE54-9A1E7A4F7556}") = "User.Domain", "User.Domain\User.Domain.csproj", "{89184B52-F497-4754-8CA5-AA32747C21F1}"
EndProject
Project("{9A19103F-16F7-4668-BE54-9A1E7A4F7556}") = "User.Infrastructure", "User.Infrastructure\User.Infrastructure.csproj", "{43F16C7D-B12E-4654-945F-9B69C7905317}"
EndProject
Project("{9A19103F-16F7-4668-BE54-9A1E7A4F7556}") = "User.Api", "User.Api\User.Api.csproj", "{49BA3158-CCE1-4ACB-9191-8D86B431CD97}"
EndProject
Project("{2150E333-8FDC-42A3-9474-1A3956D46DE8}") = "Auth", "Auth", "{03ED024A-22A7-42E9-A5FD-E10F9C3833B6}"
EndProject
Project("{9A19103F-16F7-4668-BE54-9A1E7A4F7556}") = "Auth.Infrastructure", "Auth.Infrastructure\Auth.Infrastructure.csproj", "{28DD6F0D-4B7D-4D14-AEA5-FBB611058580}"
EndProject
Project("{9A19103F-16F7-4668-BE54-9A1E7A4F7556}") = "Auth.Application", "Auth.Application\Auth.Application.csproj", "{9A143C4F-F58B-4F04-AF5D-314FE7CB6A4B}"
EndProject
Project("{9A19103F-16F7-4668-BE54-9A1E7A4F7556}") = "Auth.Core", "Auth.Core\Auth.Core.csproj", "{192E57C1-6E14-4D2B-8ED2-8F7D2C1537F0}"
EndProject
Project("{9A19103F-16F7-4668-BE54-9A1E7A4F7556}") = "Auth.Domain", "Auth.Domain\Auth.Domain.csproj", "{CD6B294B-0BAC-49B8-AB0F-A1711EACF01B}"
EndProject
Project("{9A19103F-16F7-4668-BE54-9A1E7A4F7556}") = "Auth.Api", "Auth.Api\Auth.Api.csproj", "{69115119-BC2A-4847-B784-04B3797233CD}"
EndProject
Project("{9A19103F-16F7-4668-BE54-9A1E7A4F7556}") = "Auth.GRPC", "Auth.GRPC\Auth.GRPC.csproj", "{2AB679D7-5B35-4CCE-9C07-8A31F0960B39}"
EndProject
Project("{2150E333-8FDC-42A3-9474-1A3956D46DE8}") = "Hairdresser", "Hairdresser", "{19BBC76A-8407-4315-96CF-9BE13427DF91}"
EndProject
Project("{9A19103F-16F7-4668-BE54-9A1E7A4F7556}") = "Hairdresser.Application", "Hairdresser.Application\Hairdresser.Application.csproj", "{88429F23-90EC-4BA5-A86B-50FFCD67F134}"
EndProject
Project("{9A19103F-16F7-4668-BE54-9A1E7A4F7556}") = "Hairdresser.Core", "Hairdresser.Core\Hairdresser.Core.csproj", "{2CE36C10-F2FA-4FEE-8781-658A0BF65195}"
EndProject
Project("{9A19103F-16F7-4668-BE54-9A1E7A4F7556}") = "Hairdresser.Domain", "Hairdresser.Domain\Hairdresser.Domain.csproj", "{F33E3CA2-ECD1-4121-A7F4-6B58E83217D8}"
EndProject
Project("{9A19103F-16F7-4668-BE54-9A1E7A4F7556}") = "Hairdresser.Infrastructure", "Hairdresser.Infrastructure\Hairdresser.Infrastructure.csproj", "{A54155A1-05CE-4C4E-9C42-6CC3D46C5EDB}"
EndProject
Project("{9A19103F-16F7-4668-BE54-9A1E7A4F7556}") = "Hairdresser.Api", "Hairdresser.Api\Hairdresser.Api.csproj", "{DA72385F-2AAB-4081-A98C-708BD3B6C9A1}"
EndProject
Project("{2150E333-8FDC-42A3-9474-1A3956D46DE8}") = "Gateway", "Gateway", "{6A3C4EA7-0ED3-46E0-8198-CDD50B85721C}"
EndProject
Project("{9A19103F-16F7-4668-BE54-9A1E7A4F7556}") = "ApiGateway", "ApiGateway\ApiGateway.csproj", "{9020DB82-16FC-4861-8770-012F7D6BFA27}"
EndProject
Project("{2150E333-8FDC-42A3-9474-1A3956D46DE8}") = "Buying", "Buying", "{0BCDBF1E-CB0F-413A-9DA5-921D1C16C02A}"
EndProject
Project("{9A19103F-16F7-4668-BE54-9A1E7A4F7556}") = "Buying.Core", "Buying.Core\Buying.Core.csproj", "{EDF96C05-0736-424B-91D5-EE205EF55717}"
EndProject
Project("{9A19103F-16F7-4668-BE54-9A1E7A4F7556}") = "Buying.Domain", "Buying.Domain\Buying.Domain.csproj", "{BB9EAB4B-7903-4F91-B34A-CCF9BEEA50A4}"
EndProject
Project("{9A19103F-16F7-4668-BE54-9A1E7A4F7556}") = "Buying.Application", "Buying.Application\Buying.Application.csproj", "{753A57F3-2EC9-45E4-9872-F6B2A8DBA65E}"
EndProject
Project("{9A19103F-16F7-4668-BE54-9A1E7A4F7556}") = "Buying.Infrastructure", "Buying.Infrastructure\Buying.Infrastructure.csproj", "{B3774694-225C-4321-91FF-8533AEC7272F}"
EndProject
Project("{9A19103F-16F7-4668-BE54-9A1E7A4F7556}") = "Buying.Api", "Buying.Api\Buying.Api.csproj", "{0EDB65F2-9224-42E9-B62F-FDDCBF8CA420}"
EndProject
Project("{2150E333-8FDC-42A3-9474-1A3956D46DE8}") = "Media", "Media", "{6E1E496A-5467-4B30-A642-5C41A5582093}"
EndProject
Project("{9A19103F-16F7-4668-BE54-9A1E7A4F7556}") = "Media.Core", "Media.Core\Media.Core.csproj", "{F2C866DF-2770-4769-8C6E-E71228C2E78F}"
EndProject
Project("{9A19103F-16F7-4668-BE54-9A1E7A4F7556}") = "Media.Domain", "Media.Domain\Media.Domain.csproj", "{4D327612-F291-4F73-93D8-9B8B95D70D9F}"
EndProject
Project("{9A19103F-16F7-4668-BE54-9A1E7A4F7556}") = "Media.Application", "Media.Application\Media.Application.csproj", "{DA7D73AB-AA1F-4253-99B7-0FC0B8A4B3E3}"
EndProject
Project("{9A19103F-16F7-4668-BE54-9A1E7A4F7556}") = "Media.Infrastructure", "Media.Infrastructure\Media.Infrastructure.csproj", "{919E67A7-E4B2-48CA-B9E9-B765F8A15633}"
EndProject
Project("{9A19103F-16F7-4668-BE54-9A1E7A4F7556}") = "Media.Api", "Media.Api\Media.Api.csproj", "{9B8FAA2B-3560-465D-9FE0-0CC77CEDCCB3}"
EndProject
Project("{2150E333-8FDC-42A3-9474-1A3956D46DE8}") = "Notification", "Notification", "{8BD7DA66-4A80-48D4-BACE-27FB921E7316}"
EndProject
Project("{9A19103F-16F7-4668-BE54-9A1E7A4F7556}") = "Notification.Core", "Notification.Core\Notification.Core.csproj", "{DE6ED6D1-3C7B-4077-AA87-DFCEBEFB7A80}"
EndProject
Project("{9A19103F-16F7-4668-BE54-9A1E7A4F7556}") = "Notification.Domain", "Notification.Data\Notification.Domain.csproj", "{FBBD507E-42FD-4313-9F9E-86FB889AA375}"
EndProject
Project("{9A19103F-16F7-4668-BE54-9A1E7A4F7556}") = "Notification.Application", "Notification.Application\Notification.Application.csproj", "{FA66E39E-C29A-4922-A699-D2F4253096F3}"
EndProject
Project("{9A19103F-16F7-4668-BE54-9A1E7A4F7556}") = "Notification.Infrastructure", "Notification.Infrastructure\Notification.Infrastructure.csproj", "{D25713CD-3918-421C-924A-1EEC2AB4E2F4}"
EndProject
Project("{9A19103F-16F7-4668-BE54-9A1E7A4F7556}") = "Notification.Api", "Notification.Api\Notification.Api.csproj", "{03DD0693-11BA-4FDD-8EC3-1E7E5AA621D6}"
EndProject
Project("{2150E333-8FDC-42A3-9474-1A3956D46DE8}") = "Messaging", "Messaging", "{F8A80828-6434-4470-A226-B90140C1B408}"
EndProject
Project("{9A19103F-16F7-4668-BE54-9A1E7A4F7556}") = "Middlewares", "Middlewares\Middlewares.csproj", "{18FCC013-245B-4848-B032-DCD570C3880B}"
EndProject
Project("{9A19103F-16F7-4668-BE54-9A1E7A4F7556}") = "Grpc", "Grpc\Grpc.csproj", "{CA12959A-4701-4B64-8A8E-9E3C9EBE6A0F}"
EndProject
Project("{9A19103F-16F7-4668-BE54-9A1E7A4F7556}") = "Media.GRPC", "Media.GRPC\Media.GRPC.csproj", "{7FC0E2A7-EE34-459A-9E64-E855F3ED70C7}"
EndProject
Project("{2150E333-8FDC-42A3-9474-1A3956D46DE8}") = "HairdresserService", "HairdresserService", "{461556F2-9B54-4C91-B969-34ADF9EEE4FD}"
EndProject
Project("{9A19103F-16F7-4668-BE54-9A1E7A4F7556}") = "HairdresserService.Api", "HairdresserService.Api\HairdresserService.Api.csproj", "{32B93A0B-00E6-4FEF-8450-83F4A9756C42}"
EndProject
Project("{9A19103F-16F7-4668-BE54-9A1E7A4F7556}") = "HairdresserService.Application", "HairdresserService.Application\HairdresserService.Application.csproj", "{5353CE76-49AA-4F02-8983-6AD410C73AE3}"
EndProject
Project("{9A19103F-16F7-4668-BE54-9A1E7A4F7556}") = "HairdresserService.Core", "HairdresserService.Core\HairdresserService.Core.csproj", "{DA8CCBBD-7F6F-4F96-A3BA-6BE99AC4B985}"
EndProject
Project("{9A19103F-16F7-4668-BE54-9A1E7A4F7556}") = "HairdresserService.Domain", "HairdresserService.Domain\HairdresserService.Domain.csproj", "{E78ABA49-FE80-4EAF-9ACA-39E598C0E5B9}"
EndProject
Project("{9A19103F-16F7-4668-BE54-9A1E7A4F7556}") = "HairdresserService.Infrastructure", "HairdresserService.Infrastructure\HairdresserService.Infrastructure.csproj", "{179066D8-57D2-4AF0-9E57-CC49AB5978E1}"
EndProject
Project("{9A19103F-16F7-4668-BE54-9A1E7A4F7556}") = "User.GRPC", "User.Grpc\User.GRPC.csproj", "{38699D92-7645-4F29-907D-43C60BBCD4B9}"
EndProject
Project("{FAE04EC0-301F-11D3-BF4B-00C04F79EFBC}") = "Hairdresser.GRPC", "Hairdresser.GRPC\Hairdresser.GRPC.csproj", "{F180C926-B4B1-4827-B6D9-79A52DF69039}"
EndProject
Global
	GlobalSection(SolutionConfigurationPlatforms) = preSolution
		Debug|Any CPU = Debug|Any CPU
		Release|Any CPU = Release|Any CPU
	EndGlobalSection
	GlobalSection(ProjectConfigurationPlatforms) = postSolution
		{63B56CC8-3C7A-48D0-B340-40902231D37F}.Debug|Any CPU.ActiveCfg = Debug|Any CPU
		{63B56CC8-3C7A-48D0-B340-40902231D37F}.Debug|Any CPU.Build.0 = Debug|Any CPU
		{63B56CC8-3C7A-48D0-B340-40902231D37F}.Release|Any CPU.ActiveCfg = Release|Any CPU
		{63B56CC8-3C7A-48D0-B340-40902231D37F}.Release|Any CPU.Build.0 = Release|Any CPU
		{5D2304A7-A4DE-4D01-9869-02773F2B52F6}.Debug|Any CPU.ActiveCfg = Debug|Any CPU
		{5D2304A7-A4DE-4D01-9869-02773F2B52F6}.Debug|Any CPU.Build.0 = Debug|Any CPU
		{5D2304A7-A4DE-4D01-9869-02773F2B52F6}.Release|Any CPU.ActiveCfg = Release|Any CPU
		{5D2304A7-A4DE-4D01-9869-02773F2B52F6}.Release|Any CPU.Build.0 = Release|Any CPU
		{C4378B31-E9F2-44AF-8E50-9245A91F76DA}.Debug|Any CPU.ActiveCfg = Debug|Any CPU
		{C4378B31-E9F2-44AF-8E50-9245A91F76DA}.Debug|Any CPU.Build.0 = Debug|Any CPU
		{C4378B31-E9F2-44AF-8E50-9245A91F76DA}.Release|Any CPU.ActiveCfg = Release|Any CPU
		{C4378B31-E9F2-44AF-8E50-9245A91F76DA}.Release|Any CPU.Build.0 = Release|Any CPU
		{AE1CA065-D34E-453B-8D26-B8C4B62F8EA2}.Debug|Any CPU.ActiveCfg = Debug|Any CPU
		{AE1CA065-D34E-453B-8D26-B8C4B62F8EA2}.Debug|Any CPU.Build.0 = Debug|Any CPU
		{AE1CA065-D34E-453B-8D26-B8C4B62F8EA2}.Release|Any CPU.ActiveCfg = Release|Any CPU
		{AE1CA065-D34E-453B-8D26-B8C4B62F8EA2}.Release|Any CPU.Build.0 = Release|Any CPU
		{9F77856C-3FC7-49A4-B608-620E929C4002}.Debug|Any CPU.ActiveCfg = Debug|Any CPU
		{9F77856C-3FC7-49A4-B608-620E929C4002}.Debug|Any CPU.Build.0 = Debug|Any CPU
		{9F77856C-3FC7-49A4-B608-620E929C4002}.Release|Any CPU.ActiveCfg = Release|Any CPU
		{9F77856C-3FC7-49A4-B608-620E929C4002}.Release|Any CPU.Build.0 = Release|Any CPU
		{886AE964-7218-422F-BF4E-144C8DA5BFC4}.Debug|Any CPU.ActiveCfg = Debug|Any CPU
		{886AE964-7218-422F-BF4E-144C8DA5BFC4}.Debug|Any CPU.Build.0 = Debug|Any CPU
		{886AE964-7218-422F-BF4E-144C8DA5BFC4}.Release|Any CPU.ActiveCfg = Release|Any CPU
		{886AE964-7218-422F-BF4E-144C8DA5BFC4}.Release|Any CPU.Build.0 = Release|Any CPU
		{D1A3F92D-A89E-471B-B988-87FD28A61C1B}.Debug|Any CPU.ActiveCfg = Debug|Any CPU
		{D1A3F92D-A89E-471B-B988-87FD28A61C1B}.Debug|Any CPU.Build.0 = Debug|Any CPU
		{D1A3F92D-A89E-471B-B988-87FD28A61C1B}.Release|Any CPU.ActiveCfg = Release|Any CPU
		{D1A3F92D-A89E-471B-B988-87FD28A61C1B}.Release|Any CPU.Build.0 = Release|Any CPU
		{3DE90A52-6D99-4683-ACA7-F8C8F9469ED4}.Debug|Any CPU.ActiveCfg = Debug|Any CPU
		{3DE90A52-6D99-4683-ACA7-F8C8F9469ED4}.Debug|Any CPU.Build.0 = Debug|Any CPU
		{3DE90A52-6D99-4683-ACA7-F8C8F9469ED4}.Release|Any CPU.ActiveCfg = Release|Any CPU
		{3DE90A52-6D99-4683-ACA7-F8C8F9469ED4}.Release|Any CPU.Build.0 = Release|Any CPU
		{5AC538F9-AA51-4857-912F-3F33378CE329}.Debug|Any CPU.ActiveCfg = Debug|Any CPU
		{5AC538F9-AA51-4857-912F-3F33378CE329}.Debug|Any CPU.Build.0 = Debug|Any CPU
		{5AC538F9-AA51-4857-912F-3F33378CE329}.Release|Any CPU.ActiveCfg = Release|Any CPU
		{5AC538F9-AA51-4857-912F-3F33378CE329}.Release|Any CPU.Build.0 = Release|Any CPU
		{ECAB6804-710B-4800-974C-E459BD5A98F8}.Debug|Any CPU.ActiveCfg = Debug|Any CPU
		{ECAB6804-710B-4800-974C-E459BD5A98F8}.Debug|Any CPU.Build.0 = Debug|Any CPU
		{ECAB6804-710B-4800-974C-E459BD5A98F8}.Release|Any CPU.ActiveCfg = Release|Any CPU
		{ECAB6804-710B-4800-974C-E459BD5A98F8}.Release|Any CPU.Build.0 = Release|Any CPU
		{0DF2F7D0-A838-4892-BCD5-048B1D4C8138}.Debug|Any CPU.ActiveCfg = Debug|Any CPU
		{0DF2F7D0-A838-4892-BCD5-048B1D4C8138}.Debug|Any CPU.Build.0 = Debug|Any CPU
		{0DF2F7D0-A838-4892-BCD5-048B1D4C8138}.Release|Any CPU.ActiveCfg = Release|Any CPU
		{0DF2F7D0-A838-4892-BCD5-048B1D4C8138}.Release|Any CPU.Build.0 = Release|Any CPU
		{230CB7ED-A60A-49E0-B29B-94927F7A84EF}.Debug|Any CPU.ActiveCfg = Debug|Any CPU
		{230CB7ED-A60A-49E0-B29B-94927F7A84EF}.Debug|Any CPU.Build.0 = Debug|Any CPU
		{230CB7ED-A60A-49E0-B29B-94927F7A84EF}.Release|Any CPU.ActiveCfg = Release|Any CPU
		{230CB7ED-A60A-49E0-B29B-94927F7A84EF}.Release|Any CPU.Build.0 = Release|Any CPU
		{E3159DDD-1316-4C87-967D-313C2AAA9E54}.Debug|Any CPU.ActiveCfg = Debug|Any CPU
		{E3159DDD-1316-4C87-967D-313C2AAA9E54}.Debug|Any CPU.Build.0 = Debug|Any CPU
		{E3159DDD-1316-4C87-967D-313C2AAA9E54}.Release|Any CPU.ActiveCfg = Release|Any CPU
		{E3159DDD-1316-4C87-967D-313C2AAA9E54}.Release|Any CPU.Build.0 = Release|Any CPU
		{89184B52-F497-4754-8CA5-AA32747C21F1}.Debug|Any CPU.ActiveCfg = Debug|Any CPU
		{89184B52-F497-4754-8CA5-AA32747C21F1}.Debug|Any CPU.Build.0 = Debug|Any CPU
		{89184B52-F497-4754-8CA5-AA32747C21F1}.Release|Any CPU.ActiveCfg = Release|Any CPU
		{89184B52-F497-4754-8CA5-AA32747C21F1}.Release|Any CPU.Build.0 = Release|Any CPU
		{43F16C7D-B12E-4654-945F-9B69C7905317}.Debug|Any CPU.ActiveCfg = Debug|Any CPU
		{43F16C7D-B12E-4654-945F-9B69C7905317}.Debug|Any CPU.Build.0 = Debug|Any CPU
		{43F16C7D-B12E-4654-945F-9B69C7905317}.Release|Any CPU.ActiveCfg = Release|Any CPU
		{43F16C7D-B12E-4654-945F-9B69C7905317}.Release|Any CPU.Build.0 = Release|Any CPU
		{49BA3158-CCE1-4ACB-9191-8D86B431CD97}.Debug|Any CPU.ActiveCfg = Debug|Any CPU
		{49BA3158-CCE1-4ACB-9191-8D86B431CD97}.Debug|Any CPU.Build.0 = Debug|Any CPU
		{49BA3158-CCE1-4ACB-9191-8D86B431CD97}.Release|Any CPU.ActiveCfg = Release|Any CPU
		{49BA3158-CCE1-4ACB-9191-8D86B431CD97}.Release|Any CPU.Build.0 = Release|Any CPU
		{28DD6F0D-4B7D-4D14-AEA5-FBB611058580}.Debug|Any CPU.ActiveCfg = Debug|Any CPU
		{28DD6F0D-4B7D-4D14-AEA5-FBB611058580}.Debug|Any CPU.Build.0 = Debug|Any CPU
		{28DD6F0D-4B7D-4D14-AEA5-FBB611058580}.Release|Any CPU.ActiveCfg = Release|Any CPU
		{28DD6F0D-4B7D-4D14-AEA5-FBB611058580}.Release|Any CPU.Build.0 = Release|Any CPU
		{9A143C4F-F58B-4F04-AF5D-314FE7CB6A4B}.Debug|Any CPU.ActiveCfg = Debug|Any CPU
		{9A143C4F-F58B-4F04-AF5D-314FE7CB6A4B}.Debug|Any CPU.Build.0 = Debug|Any CPU
		{9A143C4F-F58B-4F04-AF5D-314FE7CB6A4B}.Release|Any CPU.ActiveCfg = Release|Any CPU
		{9A143C4F-F58B-4F04-AF5D-314FE7CB6A4B}.Release|Any CPU.Build.0 = Release|Any CPU
		{192E57C1-6E14-4D2B-8ED2-8F7D2C1537F0}.Debug|Any CPU.ActiveCfg = Debug|Any CPU
		{192E57C1-6E14-4D2B-8ED2-8F7D2C1537F0}.Debug|Any CPU.Build.0 = Debug|Any CPU
		{192E57C1-6E14-4D2B-8ED2-8F7D2C1537F0}.Release|Any CPU.ActiveCfg = Release|Any CPU
		{192E57C1-6E14-4D2B-8ED2-8F7D2C1537F0}.Release|Any CPU.Build.0 = Release|Any CPU
		{CD6B294B-0BAC-49B8-AB0F-A1711EACF01B}.Debug|Any CPU.ActiveCfg = Debug|Any CPU
		{CD6B294B-0BAC-49B8-AB0F-A1711EACF01B}.Debug|Any CPU.Build.0 = Debug|Any CPU
		{CD6B294B-0BAC-49B8-AB0F-A1711EACF01B}.Release|Any CPU.ActiveCfg = Release|Any CPU
		{CD6B294B-0BAC-49B8-AB0F-A1711EACF01B}.Release|Any CPU.Build.0 = Release|Any CPU
		{69115119-BC2A-4847-B784-04B3797233CD}.Debug|Any CPU.ActiveCfg = Debug|Any CPU
		{69115119-BC2A-4847-B784-04B3797233CD}.Debug|Any CPU.Build.0 = Debug|Any CPU
		{69115119-BC2A-4847-B784-04B3797233CD}.Release|Any CPU.ActiveCfg = Release|Any CPU
		{69115119-BC2A-4847-B784-04B3797233CD}.Release|Any CPU.Build.0 = Release|Any CPU
		{2AB679D7-5B35-4CCE-9C07-8A31F0960B39}.Debug|Any CPU.ActiveCfg = Debug|Any CPU
		{2AB679D7-5B35-4CCE-9C07-8A31F0960B39}.Debug|Any CPU.Build.0 = Debug|Any CPU
		{2AB679D7-5B35-4CCE-9C07-8A31F0960B39}.Release|Any CPU.ActiveCfg = Release|Any CPU
		{2AB679D7-5B35-4CCE-9C07-8A31F0960B39}.Release|Any CPU.Build.0 = Release|Any CPU
		{88429F23-90EC-4BA5-A86B-50FFCD67F134}.Debug|Any CPU.ActiveCfg = Debug|Any CPU
		{88429F23-90EC-4BA5-A86B-50FFCD67F134}.Debug|Any CPU.Build.0 = Debug|Any CPU
		{88429F23-90EC-4BA5-A86B-50FFCD67F134}.Release|Any CPU.ActiveCfg = Release|Any CPU
		{88429F23-90EC-4BA5-A86B-50FFCD67F134}.Release|Any CPU.Build.0 = Release|Any CPU
		{2CE36C10-F2FA-4FEE-8781-658A0BF65195}.Debug|Any CPU.ActiveCfg = Debug|Any CPU
		{2CE36C10-F2FA-4FEE-8781-658A0BF65195}.Debug|Any CPU.Build.0 = Debug|Any CPU
		{2CE36C10-F2FA-4FEE-8781-658A0BF65195}.Release|Any CPU.ActiveCfg = Release|Any CPU
		{2CE36C10-F2FA-4FEE-8781-658A0BF65195}.Release|Any CPU.Build.0 = Release|Any CPU
		{F33E3CA2-ECD1-4121-A7F4-6B58E83217D8}.Debug|Any CPU.ActiveCfg = Debug|Any CPU
		{F33E3CA2-ECD1-4121-A7F4-6B58E83217D8}.Debug|Any CPU.Build.0 = Debug|Any CPU
		{F33E3CA2-ECD1-4121-A7F4-6B58E83217D8}.Release|Any CPU.ActiveCfg = Release|Any CPU
		{F33E3CA2-ECD1-4121-A7F4-6B58E83217D8}.Release|Any CPU.Build.0 = Release|Any CPU
		{A54155A1-05CE-4C4E-9C42-6CC3D46C5EDB}.Debug|Any CPU.ActiveCfg = Debug|Any CPU
		{A54155A1-05CE-4C4E-9C42-6CC3D46C5EDB}.Debug|Any CPU.Build.0 = Debug|Any CPU
		{A54155A1-05CE-4C4E-9C42-6CC3D46C5EDB}.Release|Any CPU.ActiveCfg = Release|Any CPU
		{A54155A1-05CE-4C4E-9C42-6CC3D46C5EDB}.Release|Any CPU.Build.0 = Release|Any CPU
		{DA72385F-2AAB-4081-A98C-708BD3B6C9A1}.Debug|Any CPU.ActiveCfg = Debug|Any CPU
		{DA72385F-2AAB-4081-A98C-708BD3B6C9A1}.Debug|Any CPU.Build.0 = Debug|Any CPU
		{DA72385F-2AAB-4081-A98C-708BD3B6C9A1}.Release|Any CPU.ActiveCfg = Release|Any CPU
		{DA72385F-2AAB-4081-A98C-708BD3B6C9A1}.Release|Any CPU.Build.0 = Release|Any CPU
		{9020DB82-16FC-4861-8770-012F7D6BFA27}.Debug|Any CPU.ActiveCfg = Debug|Any CPU
		{9020DB82-16FC-4861-8770-012F7D6BFA27}.Debug|Any CPU.Build.0 = Debug|Any CPU
		{9020DB82-16FC-4861-8770-012F7D6BFA27}.Release|Any CPU.ActiveCfg = Release|Any CPU
		{9020DB82-16FC-4861-8770-012F7D6BFA27}.Release|Any CPU.Build.0 = Release|Any CPU
		{EDF96C05-0736-424B-91D5-EE205EF55717}.Debug|Any CPU.ActiveCfg = Debug|Any CPU
		{EDF96C05-0736-424B-91D5-EE205EF55717}.Debug|Any CPU.Build.0 = Debug|Any CPU
		{EDF96C05-0736-424B-91D5-EE205EF55717}.Release|Any CPU.ActiveCfg = Release|Any CPU
		{EDF96C05-0736-424B-91D5-EE205EF55717}.Release|Any CPU.Build.0 = Release|Any CPU
		{BB9EAB4B-7903-4F91-B34A-CCF9BEEA50A4}.Debug|Any CPU.ActiveCfg = Debug|Any CPU
		{BB9EAB4B-7903-4F91-B34A-CCF9BEEA50A4}.Debug|Any CPU.Build.0 = Debug|Any CPU
		{BB9EAB4B-7903-4F91-B34A-CCF9BEEA50A4}.Release|Any CPU.ActiveCfg = Release|Any CPU
		{BB9EAB4B-7903-4F91-B34A-CCF9BEEA50A4}.Release|Any CPU.Build.0 = Release|Any CPU
		{753A57F3-2EC9-45E4-9872-F6B2A8DBA65E}.Debug|Any CPU.ActiveCfg = Debug|Any CPU
		{753A57F3-2EC9-45E4-9872-F6B2A8DBA65E}.Debug|Any CPU.Build.0 = Debug|Any CPU
		{753A57F3-2EC9-45E4-9872-F6B2A8DBA65E}.Release|Any CPU.ActiveCfg = Release|Any CPU
		{753A57F3-2EC9-45E4-9872-F6B2A8DBA65E}.Release|Any CPU.Build.0 = Release|Any CPU
		{B3774694-225C-4321-91FF-8533AEC7272F}.Debug|Any CPU.ActiveCfg = Debug|Any CPU
		{B3774694-225C-4321-91FF-8533AEC7272F}.Debug|Any CPU.Build.0 = Debug|Any CPU
		{B3774694-225C-4321-91FF-8533AEC7272F}.Release|Any CPU.ActiveCfg = Release|Any CPU
		{B3774694-225C-4321-91FF-8533AEC7272F}.Release|Any CPU.Build.0 = Release|Any CPU
		{0EDB65F2-9224-42E9-B62F-FDDCBF8CA420}.Debug|Any CPU.ActiveCfg = Debug|Any CPU
		{0EDB65F2-9224-42E9-B62F-FDDCBF8CA420}.Debug|Any CPU.Build.0 = Debug|Any CPU
		{0EDB65F2-9224-42E9-B62F-FDDCBF8CA420}.Release|Any CPU.ActiveCfg = Release|Any CPU
		{0EDB65F2-9224-42E9-B62F-FDDCBF8CA420}.Release|Any CPU.Build.0 = Release|Any CPU
		{F2C866DF-2770-4769-8C6E-E71228C2E78F}.Debug|Any CPU.ActiveCfg = Debug|Any CPU
		{F2C866DF-2770-4769-8C6E-E71228C2E78F}.Debug|Any CPU.Build.0 = Debug|Any CPU
		{F2C866DF-2770-4769-8C6E-E71228C2E78F}.Release|Any CPU.ActiveCfg = Release|Any CPU
		{F2C866DF-2770-4769-8C6E-E71228C2E78F}.Release|Any CPU.Build.0 = Release|Any CPU
		{4D327612-F291-4F73-93D8-9B8B95D70D9F}.Debug|Any CPU.ActiveCfg = Debug|Any CPU
		{4D327612-F291-4F73-93D8-9B8B95D70D9F}.Debug|Any CPU.Build.0 = Debug|Any CPU
		{4D327612-F291-4F73-93D8-9B8B95D70D9F}.Release|Any CPU.ActiveCfg = Release|Any CPU
		{4D327612-F291-4F73-93D8-9B8B95D70D9F}.Release|Any CPU.Build.0 = Release|Any CPU
		{DA7D73AB-AA1F-4253-99B7-0FC0B8A4B3E3}.Debug|Any CPU.ActiveCfg = Debug|Any CPU
		{DA7D73AB-AA1F-4253-99B7-0FC0B8A4B3E3}.Debug|Any CPU.Build.0 = Debug|Any CPU
		{DA7D73AB-AA1F-4253-99B7-0FC0B8A4B3E3}.Release|Any CPU.ActiveCfg = Release|Any CPU
		{DA7D73AB-AA1F-4253-99B7-0FC0B8A4B3E3}.Release|Any CPU.Build.0 = Release|Any CPU
		{919E67A7-E4B2-48CA-B9E9-B765F8A15633}.Debug|Any CPU.ActiveCfg = Debug|Any CPU
		{919E67A7-E4B2-48CA-B9E9-B765F8A15633}.Debug|Any CPU.Build.0 = Debug|Any CPU
		{919E67A7-E4B2-48CA-B9E9-B765F8A15633}.Release|Any CPU.ActiveCfg = Release|Any CPU
		{919E67A7-E4B2-48CA-B9E9-B765F8A15633}.Release|Any CPU.Build.0 = Release|Any CPU
		{9B8FAA2B-3560-465D-9FE0-0CC77CEDCCB3}.Debug|Any CPU.ActiveCfg = Debug|Any CPU
		{9B8FAA2B-3560-465D-9FE0-0CC77CEDCCB3}.Debug|Any CPU.Build.0 = Debug|Any CPU
		{9B8FAA2B-3560-465D-9FE0-0CC77CEDCCB3}.Release|Any CPU.ActiveCfg = Release|Any CPU
		{9B8FAA2B-3560-465D-9FE0-0CC77CEDCCB3}.Release|Any CPU.Build.0 = Release|Any CPU
		{DE6ED6D1-3C7B-4077-AA87-DFCEBEFB7A80}.Debug|Any CPU.ActiveCfg = Debug|Any CPU
		{DE6ED6D1-3C7B-4077-AA87-DFCEBEFB7A80}.Debug|Any CPU.Build.0 = Debug|Any CPU
		{DE6ED6D1-3C7B-4077-AA87-DFCEBEFB7A80}.Release|Any CPU.ActiveCfg = Release|Any CPU
		{DE6ED6D1-3C7B-4077-AA87-DFCEBEFB7A80}.Release|Any CPU.Build.0 = Release|Any CPU
		{FBBD507E-42FD-4313-9F9E-86FB889AA375}.Debug|Any CPU.ActiveCfg = Debug|Any CPU
		{FBBD507E-42FD-4313-9F9E-86FB889AA375}.Debug|Any CPU.Build.0 = Debug|Any CPU
		{FBBD507E-42FD-4313-9F9E-86FB889AA375}.Release|Any CPU.ActiveCfg = Release|Any CPU
		{FBBD507E-42FD-4313-9F9E-86FB889AA375}.Release|Any CPU.Build.0 = Release|Any CPU
		{FA66E39E-C29A-4922-A699-D2F4253096F3}.Debug|Any CPU.ActiveCfg = Debug|Any CPU
		{FA66E39E-C29A-4922-A699-D2F4253096F3}.Debug|Any CPU.Build.0 = Debug|Any CPU
		{FA66E39E-C29A-4922-A699-D2F4253096F3}.Release|Any CPU.ActiveCfg = Release|Any CPU
		{FA66E39E-C29A-4922-A699-D2F4253096F3}.Release|Any CPU.Build.0 = Release|Any CPU
		{D25713CD-3918-421C-924A-1EEC2AB4E2F4}.Debug|Any CPU.ActiveCfg = Debug|Any CPU
		{D25713CD-3918-421C-924A-1EEC2AB4E2F4}.Debug|Any CPU.Build.0 = Debug|Any CPU
		{D25713CD-3918-421C-924A-1EEC2AB4E2F4}.Release|Any CPU.ActiveCfg = Release|Any CPU
		{D25713CD-3918-421C-924A-1EEC2AB4E2F4}.Release|Any CPU.Build.0 = Release|Any CPU
		{03DD0693-11BA-4FDD-8EC3-1E7E5AA621D6}.Debug|Any CPU.ActiveCfg = Debug|Any CPU
		{03DD0693-11BA-4FDD-8EC3-1E7E5AA621D6}.Debug|Any CPU.Build.0 = Debug|Any CPU
		{03DD0693-11BA-4FDD-8EC3-1E7E5AA621D6}.Release|Any CPU.ActiveCfg = Release|Any CPU
		{03DD0693-11BA-4FDD-8EC3-1E7E5AA621D6}.Release|Any CPU.Build.0 = Release|Any CPU
		{18FCC013-245B-4848-B032-DCD570C3880B}.Debug|Any CPU.ActiveCfg = Debug|Any CPU
		{18FCC013-245B-4848-B032-DCD570C3880B}.Debug|Any CPU.Build.0 = Debug|Any CPU
		{18FCC013-245B-4848-B032-DCD570C3880B}.Release|Any CPU.ActiveCfg = Release|Any CPU
		{18FCC013-245B-4848-B032-DCD570C3880B}.Release|Any CPU.Build.0 = Release|Any CPU
		{CA12959A-4701-4B64-8A8E-9E3C9EBE6A0F}.Debug|Any CPU.ActiveCfg = Debug|Any CPU
		{CA12959A-4701-4B64-8A8E-9E3C9EBE6A0F}.Debug|Any CPU.Build.0 = Debug|Any CPU
		{CA12959A-4701-4B64-8A8E-9E3C9EBE6A0F}.Release|Any CPU.ActiveCfg = Release|Any CPU
		{CA12959A-4701-4B64-8A8E-9E3C9EBE6A0F}.Release|Any CPU.Build.0 = Release|Any CPU
		{7FC0E2A7-EE34-459A-9E64-E855F3ED70C7}.Debug|Any CPU.ActiveCfg = Debug|Any CPU
		{7FC0E2A7-EE34-459A-9E64-E855F3ED70C7}.Debug|Any CPU.Build.0 = Debug|Any CPU
		{7FC0E2A7-EE34-459A-9E64-E855F3ED70C7}.Release|Any CPU.ActiveCfg = Release|Any CPU
		{7FC0E2A7-EE34-459A-9E64-E855F3ED70C7}.Release|Any CPU.Build.0 = Release|Any CPU
		{32B93A0B-00E6-4FEF-8450-83F4A9756C42}.Debug|Any CPU.ActiveCfg = Debug|Any CPU
		{32B93A0B-00E6-4FEF-8450-83F4A9756C42}.Debug|Any CPU.Build.0 = Debug|Any CPU
		{32B93A0B-00E6-4FEF-8450-83F4A9756C42}.Release|Any CPU.ActiveCfg = Release|Any CPU
		{32B93A0B-00E6-4FEF-8450-83F4A9756C42}.Release|Any CPU.Build.0 = Release|Any CPU
		{5353CE76-49AA-4F02-8983-6AD410C73AE3}.Debug|Any CPU.ActiveCfg = Debug|Any CPU
		{5353CE76-49AA-4F02-8983-6AD410C73AE3}.Debug|Any CPU.Build.0 = Debug|Any CPU
		{5353CE76-49AA-4F02-8983-6AD410C73AE3}.Release|Any CPU.ActiveCfg = Release|Any CPU
		{5353CE76-49AA-4F02-8983-6AD410C73AE3}.Release|Any CPU.Build.0 = Release|Any CPU
		{DA8CCBBD-7F6F-4F96-A3BA-6BE99AC4B985}.Debug|Any CPU.ActiveCfg = Debug|Any CPU
		{DA8CCBBD-7F6F-4F96-A3BA-6BE99AC4B985}.Debug|Any CPU.Build.0 = Debug|Any CPU
		{DA8CCBBD-7F6F-4F96-A3BA-6BE99AC4B985}.Release|Any CPU.ActiveCfg = Release|Any CPU
		{DA8CCBBD-7F6F-4F96-A3BA-6BE99AC4B985}.Release|Any CPU.Build.0 = Release|Any CPU
		{E78ABA49-FE80-4EAF-9ACA-39E598C0E5B9}.Debug|Any CPU.ActiveCfg = Debug|Any CPU
		{E78ABA49-FE80-4EAF-9ACA-39E598C0E5B9}.Debug|Any CPU.Build.0 = Debug|Any CPU
		{E78ABA49-FE80-4EAF-9ACA-39E598C0E5B9}.Release|Any CPU.ActiveCfg = Release|Any CPU
		{E78ABA49-FE80-4EAF-9ACA-39E598C0E5B9}.Release|Any CPU.Build.0 = Release|Any CPU
		{179066D8-57D2-4AF0-9E57-CC49AB5978E1}.Debug|Any CPU.ActiveCfg = Debug|Any CPU
		{179066D8-57D2-4AF0-9E57-CC49AB5978E1}.Debug|Any CPU.Build.0 = Debug|Any CPU
		{179066D8-57D2-4AF0-9E57-CC49AB5978E1}.Release|Any CPU.ActiveCfg = Release|Any CPU
		{179066D8-57D2-4AF0-9E57-CC49AB5978E1}.Release|Any CPU.Build.0 = Release|Any CPU
		{38699D92-7645-4F29-907D-43C60BBCD4B9}.Debug|Any CPU.ActiveCfg = Debug|Any CPU
		{38699D92-7645-4F29-907D-43C60BBCD4B9}.Debug|Any CPU.Build.0 = Debug|Any CPU
		{38699D92-7645-4F29-907D-43C60BBCD4B9}.Release|Any CPU.ActiveCfg = Release|Any CPU
		{38699D92-7645-4F29-907D-43C60BBCD4B9}.Release|Any CPU.Build.0 = Release|Any CPU
		{F180C926-B4B1-4827-B6D9-79A52DF69039}.Debug|Any CPU.ActiveCfg = Debug|Any CPU
		{F180C926-B4B1-4827-B6D9-79A52DF69039}.Debug|Any CPU.Build.0 = Debug|Any CPU
		{F180C926-B4B1-4827-B6D9-79A52DF69039}.Release|Any CPU.ActiveCfg = Release|Any CPU
		{F180C926-B4B1-4827-B6D9-79A52DF69039}.Release|Any CPU.Build.0 = Release|Any CPU
	EndGlobalSection
	GlobalSection(SolutionProperties) = preSolution
		HideSolutionNode = FALSE
	EndGlobalSection
	GlobalSection(NestedProjects) = preSolution
		{7238B9F5-9156-4802-9C68-82EC1E642689} = {D593860C-FEE0-4622-B3E6-A3D796A42841}
		{BB83049B-6D13-4F9C-92C8-A70A6D45FD6D} = {D593860C-FEE0-4622-B3E6-A3D796A42841}
		{63B56CC8-3C7A-48D0-B340-40902231D37F} = {BB83049B-6D13-4F9C-92C8-A70A6D45FD6D}
		{5D2304A7-A4DE-4D01-9869-02773F2B52F6} = {BB83049B-6D13-4F9C-92C8-A70A6D45FD6D}
		{C4378B31-E9F2-44AF-8E50-9245A91F76DA} = {BB83049B-6D13-4F9C-92C8-A70A6D45FD6D}
		{AE1CA065-D34E-453B-8D26-B8C4B62F8EA2} = {BB83049B-6D13-4F9C-92C8-A70A6D45FD6D}
		{9F77856C-3FC7-49A4-B608-620E929C4002} = {BB83049B-6D13-4F9C-92C8-A70A6D45FD6D}
		{D3666DBF-574D-4BE7-8AC1-74FF313BDC28} = {7238B9F5-9156-4802-9C68-82EC1E642689}
		{886AE964-7218-422F-BF4E-144C8DA5BFC4} = {D3666DBF-574D-4BE7-8AC1-74FF313BDC28}
		{D1A3F92D-A89E-471B-B988-87FD28A61C1B} = {D3666DBF-574D-4BE7-8AC1-74FF313BDC28}
		{3DE90A52-6D99-4683-ACA7-F8C8F9469ED4} = {D3666DBF-574D-4BE7-8AC1-74FF313BDC28}
		{5AC538F9-AA51-4857-912F-3F33378CE329} = {BB83049B-6D13-4F9C-92C8-A70A6D45FD6D}
		{ECAB6804-710B-4800-974C-E459BD5A98F8} = {D3666DBF-574D-4BE7-8AC1-74FF313BDC28}
		{0DF2F7D0-A838-4892-BCD5-048B1D4C8138} = {D3666DBF-574D-4BE7-8AC1-74FF313BDC28}
		{45C99BBD-A60D-4F18-82DF-9586B8F3DA29} = {7238B9F5-9156-4802-9C68-82EC1E642689}
		{230CB7ED-A60A-49E0-B29B-94927F7A84EF} = {45C99BBD-A60D-4F18-82DF-9586B8F3DA29}
		{E3159DDD-1316-4C87-967D-313C2AAA9E54} = {45C99BBD-A60D-4F18-82DF-9586B8F3DA29}
		{89184B52-F497-4754-8CA5-AA32747C21F1} = {45C99BBD-A60D-4F18-82DF-9586B8F3DA29}
		{43F16C7D-B12E-4654-945F-9B69C7905317} = {45C99BBD-A60D-4F18-82DF-9586B8F3DA29}
		{49BA3158-CCE1-4ACB-9191-8D86B431CD97} = {45C99BBD-A60D-4F18-82DF-9586B8F3DA29}
		{03ED024A-22A7-42E9-A5FD-E10F9C3833B6} = {7238B9F5-9156-4802-9C68-82EC1E642689}
		{28DD6F0D-4B7D-4D14-AEA5-FBB611058580} = {03ED024A-22A7-42E9-A5FD-E10F9C3833B6}
		{9A143C4F-F58B-4F04-AF5D-314FE7CB6A4B} = {03ED024A-22A7-42E9-A5FD-E10F9C3833B6}
		{192E57C1-6E14-4D2B-8ED2-8F7D2C1537F0} = {03ED024A-22A7-42E9-A5FD-E10F9C3833B6}
		{CD6B294B-0BAC-49B8-AB0F-A1711EACF01B} = {03ED024A-22A7-42E9-A5FD-E10F9C3833B6}
		{69115119-BC2A-4847-B784-04B3797233CD} = {03ED024A-22A7-42E9-A5FD-E10F9C3833B6}
		{2AB679D7-5B35-4CCE-9C07-8A31F0960B39} = {03ED024A-22A7-42E9-A5FD-E10F9C3833B6}
		{19BBC76A-8407-4315-96CF-9BE13427DF91} = {7238B9F5-9156-4802-9C68-82EC1E642689}
		{88429F23-90EC-4BA5-A86B-50FFCD67F134} = {19BBC76A-8407-4315-96CF-9BE13427DF91}
		{2CE36C10-F2FA-4FEE-8781-658A0BF65195} = {19BBC76A-8407-4315-96CF-9BE13427DF91}
		{F33E3CA2-ECD1-4121-A7F4-6B58E83217D8} = {19BBC76A-8407-4315-96CF-9BE13427DF91}
		{A54155A1-05CE-4C4E-9C42-6CC3D46C5EDB} = {19BBC76A-8407-4315-96CF-9BE13427DF91}
		{DA72385F-2AAB-4081-A98C-708BD3B6C9A1} = {19BBC76A-8407-4315-96CF-9BE13427DF91}
		{6A3C4EA7-0ED3-46E0-8198-CDD50B85721C} = {D593860C-FEE0-4622-B3E6-A3D796A42841}
		{9020DB82-16FC-4861-8770-012F7D6BFA27} = {6A3C4EA7-0ED3-46E0-8198-CDD50B85721C}
		{0BCDBF1E-CB0F-413A-9DA5-921D1C16C02A} = {7238B9F5-9156-4802-9C68-82EC1E642689}
		{EDF96C05-0736-424B-91D5-EE205EF55717} = {0BCDBF1E-CB0F-413A-9DA5-921D1C16C02A}
		{BB9EAB4B-7903-4F91-B34A-CCF9BEEA50A4} = {0BCDBF1E-CB0F-413A-9DA5-921D1C16C02A}
		{753A57F3-2EC9-45E4-9872-F6B2A8DBA65E} = {0BCDBF1E-CB0F-413A-9DA5-921D1C16C02A}
		{B3774694-225C-4321-91FF-8533AEC7272F} = {0BCDBF1E-CB0F-413A-9DA5-921D1C16C02A}
		{0EDB65F2-9224-42E9-B62F-FDDCBF8CA420} = {0BCDBF1E-CB0F-413A-9DA5-921D1C16C02A}
		{6E1E496A-5467-4B30-A642-5C41A5582093} = {7238B9F5-9156-4802-9C68-82EC1E642689}
		{F2C866DF-2770-4769-8C6E-E71228C2E78F} = {6E1E496A-5467-4B30-A642-5C41A5582093}
		{4D327612-F291-4F73-93D8-9B8B95D70D9F} = {6E1E496A-5467-4B30-A642-5C41A5582093}
		{DA7D73AB-AA1F-4253-99B7-0FC0B8A4B3E3} = {6E1E496A-5467-4B30-A642-5C41A5582093}
		{919E67A7-E4B2-48CA-B9E9-B765F8A15633} = {6E1E496A-5467-4B30-A642-5C41A5582093}
		{9B8FAA2B-3560-465D-9FE0-0CC77CEDCCB3} = {6E1E496A-5467-4B30-A642-5C41A5582093}
		{8BD7DA66-4A80-48D4-BACE-27FB921E7316} = {7238B9F5-9156-4802-9C68-82EC1E642689}
		{DE6ED6D1-3C7B-4077-AA87-DFCEBEFB7A80} = {8BD7DA66-4A80-48D4-BACE-27FB921E7316}
		{FBBD507E-42FD-4313-9F9E-86FB889AA375} = {8BD7DA66-4A80-48D4-BACE-27FB921E7316}
		{FA66E39E-C29A-4922-A699-D2F4253096F3} = {8BD7DA66-4A80-48D4-BACE-27FB921E7316}
		{D25713CD-3918-421C-924A-1EEC2AB4E2F4} = {8BD7DA66-4A80-48D4-BACE-27FB921E7316}
		{03DD0693-11BA-4FDD-8EC3-1E7E5AA621D6} = {8BD7DA66-4A80-48D4-BACE-27FB921E7316}
		{F8A80828-6434-4470-A226-B90140C1B408} = {7238B9F5-9156-4802-9C68-82EC1E642689}
		{18FCC013-245B-4848-B032-DCD570C3880B} = {BB83049B-6D13-4F9C-92C8-A70A6D45FD6D}
		{CA12959A-4701-4B64-8A8E-9E3C9EBE6A0F} = {BB83049B-6D13-4F9C-92C8-A70A6D45FD6D}
		{7FC0E2A7-EE34-459A-9E64-E855F3ED70C7} = {6E1E496A-5467-4B30-A642-5C41A5582093}
		{461556F2-9B54-4C91-B969-34ADF9EEE4FD} = {7238B9F5-9156-4802-9C68-82EC1E642689}
		{32B93A0B-00E6-4FEF-8450-83F4A9756C42} = {461556F2-9B54-4C91-B969-34ADF9EEE4FD}
		{5353CE76-49AA-4F02-8983-6AD410C73AE3} = {461556F2-9B54-4C91-B969-34ADF9EEE4FD}
		{DA8CCBBD-7F6F-4F96-A3BA-6BE99AC4B985} = {461556F2-9B54-4C91-B969-34ADF9EEE4FD}
		{E78ABA49-FE80-4EAF-9ACA-39E598C0E5B9} = {461556F2-9B54-4C91-B969-34ADF9EEE4FD}
		{179066D8-57D2-4AF0-9E57-CC49AB5978E1} = {461556F2-9B54-4C91-B969-34ADF9EEE4FD}
		{38699D92-7645-4F29-907D-43C60BBCD4B9} = {45C99BBD-A60D-4F18-82DF-9586B8F3DA29}
		{F180C926-B4B1-4827-B6D9-79A52DF69039} = {19BBC76A-8407-4315-96CF-9BE13427DF91}
	EndGlobalSection
	GlobalSection(ExtensibilityGlobals) = postSolution
		SolutionGuid = {73691DB0-2EAD-42C7-98B0-2C40C200F1A5}
	EndGlobalSection
EndGlobal
